
Microsoft Visual Studio Solution File, Format Version 12.00
# Visual Studio 15
VisualStudioVersion = 15.0.28307.329
MinimumVisualStudioVersion = 10.0.40219.1
Project("{FAE04EC0-301F-11D3-BF4B-00C04F79EFBC}") = "MyCalculator", "MyCalculator\MyCalculator.csproj", "{3F644C50-BD8B-4676-93AE-656F61B8BDAD}"
EndProject
Project("{FAE04EC0-301F-11D3-BF4B-00C04F79EFBC}") = "MyCalculatorTest", "MyCalculatorTest\MyCalculatorTest.csproj", "{FC103530-4250-4CCD-AF36-16D559D42057}"
EndProject
Global
	GlobalSection(SolutionConfigurationPlatforms) = preSolution
		Debug|Any CPU = Debug|Any CPU
		Release|Any CPU = Release|Any CPU
	EndGlobalSection
	GlobalSection(ProjectConfigurationPlatforms) = postSolution
		{3F644C50-BD8B-4676-93AE-656F61B8BDAD}.Debug|Any CPU.ActiveCfg = Debug|Any CPU
		{3F644C50-BD8B-4676-93AE-656F61B8BDAD}.Debug|Any CPU.Build.0 = Debug|Any CPU
		{3F644C50-BD8B-4676-93AE-656F61B8BDAD}.Release|Any CPU.ActiveCfg = Release|Any CPU
		{3F644C50-BD8B-4676-93AE-656F61B8BDAD}.Release|Any CPU.Build.0 = Release|Any CPU
		{FC103530-4250-4CCD-AF36-16D559D42057}.Debug|Any CPU.ActiveCfg = Debug|Any CPU
		{FC103530-4250-4CCD-AF36-16D559D42057}.Debug|Any CPU.Build.0 = Debug|Any CPU
		{FC103530-4250-4CCD-AF36-16D559D42057}.Release|Any CPU.ActiveCfg = Release|Any CPU
		{FC103530-4250-4CCD-AF36-16D559D42057}.Release|Any CPU.Build.0 = Release|Any CPU
	EndGlobalSection
	GlobalSection(SolutionProperties) = preSolution
		HideSolutionNode = FALSE
	EndGlobalSection
	GlobalSection(ExtensibilityGlobals) = postSolution
		SolutionGuid = {1193F0E0-DD32-4DDA-8B99-875519465D54}
	EndGlobalSection
EndGlobal
